github.com/garyburd/redigo v1.6.0 h1:0VruCpn7yAIIu7pWVClQC8wxCJEcG3nyzpMSHKi1PQc=
github.com/garyburd/redigo v1.6.0/go.mod h1:NR3MbYisc3/PwhQ00EMzDiPmrwpPxAn5GI05/YaO1SY=
github.com/platinasystems/accumulate v0.0.0-20181019183040-63617d15f799/go.mod h1:lc7wpU1G++0lunURQyH853Y77bwWr0hXPiLLeaxjGIY=
github.com/platinasystems/accumulate v1.1.0 h1:x5mCglhHNcUJqNSAMiL3PqfWDgdZZsJ0b9CUkChqaZY=
github.com/platinasystems/accumulate v1.1.0/go.mod h1:lc7wpU1G++0lunURQyH853Y77bwWr0hXPiLLeaxjGIY=
github.com/platinasystems/atsock v0.0.0-20181019220955-c4cc7ae24dbf/go.mod h1:1XAb4yaMVNH9PDa7Q4sZmDqHoHSrzUfnGImUuSMpx5U=
github.com/platinasystems/atsock v1.1.0 h1:+h8ismKClv31tIEOTZQhBMdDJALQhF3vDKjK2Y8H7mU=
github.com/platinasystems/atsock v1.1.0/go.mod h1:1XAb4yaMVNH9PDa7Q4sZmDqHoHSrzUfnGImUuSMpx5U=
github.com/platinasystems/dbg v1.1.0 h1:W2ZNmbA7q68H82xCsMc2iy+BOHpqolKgRUlQL4IaDG0=
github.com/platinasystems/dbg v1.1.0/go.mod h1:sWVDySjmyMRdh9RgbbJORw6A+xIBdAmoqOXBarhswZY=
github.com/platinasystems/elib v1.1.0 h1:r8z1a/Wi9SlTBo9lRWSbl9yV1n0YJ011godG7cbNNJI=
github.com/platinasystems/elib v1.1.0/go.mod h1:XZy8etdf41RtMxmxEYArLL7T6QEJ5MPAIeHDqXtPCUU=
github.com/platinasystems/elib v1.2.0 h1:5zTiOPFswWEE1IOVTGEp+c0tP6bi+FqwpLBJE4QD78g=
github.com/platinasystems/elib v1.2.0/go.mod h1:XZy8etdf41RtMxmxEYArLL7T6QEJ5MPAIeHDqXtPCUU=
github.com/platinasystems/fe1 v1.1.2 h1:bGMIQxojVonquSi2EDiQysHxdzdMXj+ksx3Y5eAfHhc=
github.com/platinasystems/fe1 v1.1.2/go.mod h1:7P+3V7/e7IJyhggnBZj8Ol0TJttJwsKXupDHly2k50A=
github.com/platinasystems/fe1 v1.1.3 h1:9mKxjxeIVHIvDXBFNXVu1b47LMqySggrA9MdfACmcao=
github.com/platinasystems/fe1 v1.1.3/go.mod h1:VZ5sc7XZdBBvLvv8iK53Ib51Dc5Wr+Ft3c2HfvBnJaw=
github.com/platinasystems/fe1 v1.1.4-0.20190103013724-04d3fc3be5ee h1:OxCkB88Hhd7OVWg+YTfMuqAgOahi5u4IRt0oNlLLR4I=
github.com/platinasystems/fe1 v1.1.4-0.20190103013724-04d3fc3be5ee/go.mod h1:VZ5sc7XZdBBvLvv8iK53Ib51Dc5Wr+Ft3c2HfvBnJaw=
github.com/platinasystems/fe1 v1.2.0-rc.1 h1:GIfz8IFxsL3fs8RGQ2nFh9UPXfm4QGZ9iwtcEJEyKvw=
github.com/platinasystems/fe1 v1.2.0-rc.1/go.mod h1:VZ5sc7XZdBBvLvv8iK53Ib51Dc5Wr+Ft3c2HfvBnJaw=
github.com/platinasystems/fe1 v1.2.0-rc.1.0.20190108064611-a17e46e8f82b h1:CXYscU+mcWOReo/khUnOdNKYwbm3r7DnR/CqoKIFqgo=
github.com/platinasystems/fe1 v1.2.0-rc.1.0.20190108064611-a17e46e8f82b/go.mod h1:VZ5sc7XZdBBvLvv8iK53Ib51Dc5Wr+Ft3c2HfvBnJaw=
github.com/platinasystems/fe1 v1.2.1 h1:D+T6JO/KXlj7Vlq+sXe3vbK6WX7ZkKWd1kvhXS6gpzE=
github.com/platinasystems/fe1 v1.2.1/go.mod h1:VZ5sc7XZdBBvLvv8iK53Ib51Dc5Wr+Ft3c2HfvBnJaw=
github.com/platinasystems/firmware-fe1a v1.1.0 h1:4MW5FHQLIMPDkCWnmn3FZJ8Q3yZ1oSLaPxMq1DuvL6w=
github.com/platinasystems/firmware-fe1a v1.1.0/go.mod h1:F0KAFwctbk1FB557q7m6atg3aQgyHj9NmAle2KswM6E=
github.com/platinasystems/i2c v1.1.0 h1:34ewZSwxMvtD5kYjJAhNtwmEsCFjiQt+o6OJ62Ni2ug=
github.com/platinasystems/i2c v1.1.0/go.mod h1:Yj5hRxt+HXbW1rXv9aTtxUNZsegDjeWerUPY5BIjDVM=
github.com/platinasystems/indent v1.1.0 h1:VmMAqlCw1MlWgQcygXqkLsyE0Q8atBCBX+zwWVPM8Fw=
github.com/platinasystems/indent v1.1.0/go.mod h1:D3GIC7ZG6jwJtpdkiCq8/xcrP/NXInOFFr5rJPos4hA=
github.com/platinasystems/log v1.1.0 h1:hjWJskNV5QC36B+fz9rIyZjMztXZeRnOCypoSALlsm4=
github.com/platinasystems/log v1.1.0/go.mod h1:5Wjp9vxMfkZGWz2Ep3ghzsfarcs9MMfiE2RzKwseyKQ=
github.com/platinasystems/redis v1.1.0 h1:LjQDzR4Y3oZ21a2k+JQjhw2SpdYXwhbJa80JjkLvzJc=
github.com/platinasystems/redis v1.1.0/go.mod h1:lyuhkHpfn6y21/nMn7H6pbBuPk1D8pflwsatn4OIl8M=
github.com/platinasystems/redis v1.2.0 h1:Pyoc4Jkl/CfQn44XxpBB4ND4ciU4T9cSfp3xmCaJG+A=
github.com/platinasystems/redis v1.2.0/go.mod h1:lyuhkHpfn6y21/nMn7H6pbBuPk1D8pflwsatn4OIl8M=
github.com/platinasystems/vnet v1.1.2 h1:vRAaLXTxbKNMbfjYMdelQONW8S4etpKUdOi3KYvPB64=
github.com/platinasystems/vnet v1.1.2/go.mod h1:ys1IQV7DPZTq372+nIpfafe+2SAfLvVANSCNIrv24j8=
github.com/platinasystems/vnet v1.1.3 h1:rSi2mqJ8kbqeLP7SwLC07Q+twNsldNwCTbiMms3ZFxk=
github.com/platinasystems/vnet v1.1.3/go.mod h1:ys1IQV7DPZTq372+nIpfafe+2SAfLvVANSCNIrv24j8=
github.com/platinasystems/vnet v1.1.4-0.20190103193714-c77da076fbec h1:IcL9O8ojbtWZjNbzAb9cqHcxDrxDODqOUqR3rIu+gKw=
github.com/platinasystems/vnet v1.1.4-0.20190103193714-c77da076fbec/go.mod h1:ys1IQV7DPZTq372+nIpfafe+2SAfLvVANSCNIrv24j8=
github.com/platinasystems/vnet v1.2.0-rc.1 h1:0TVhj/ePb/BJzodWrEi7/+xKbleNYMlU3qOr5CNt8+o=
github.com/platinasystems/vnet v1.2.0-rc.1/go.mod h1:ys1IQV7DPZTq372+nIpfafe+2SAfLvVANSCNIrv24j8=
github.com/platinasystems/vnet v1.2.0-rc.1.0.20190116013705-71a1581910cd h1:v2Sn5/xhlGphvYjLxUloJwGehQl8zmfjuc8t9tmcR+k=
github.com/platinasystems/vnet v1.2.0-rc.1.0.20190116013705-71a1581910cd/go.mod h1:ys1IQV7DPZTq372+nIpfafe+2SAfLvVANSCNIrv24j8=
github.com/platinasystems/vnet v1.2.0-rc.1.0.20190206002938-0c3fd2efd87c h1:rTAzMa0vronFB6FKoYkicCwf5OIiOxQ6vDWarc+kmf4=
github.com/platinasystems/vnet v1.2.0-rc.1.0.20190206002938-0c3fd2efd87c/go.mod h1:qcDRb9eXE78ShP6R3e8PWhgWB8ld2KEhUbvds+QAoNI=
github.com/platinasystems/vnet v1.2.1 h1:L+yJ4C290jOFkdFVAsDdseo9uy08EkrxesmyUo65xUg=
github.com/platinasystems/vnet v1.2.1/go.mod h1:qcDRb9eXE78ShP6R3e8PWhgWB8ld2KEhUbvds+QAoNI=
github.com/platinasystems/vnet v1.2.2 h1:64T45deIn47xCkpzihpQbSouTEIwUsMtJ1T9XpoAw4g=
github.com/platinasystems/vnet v1.2.2/go.mod h1:qcDRb9eXE78ShP6R3e8PWhgWB8ld2KEhUbvds+QAoNI=
github.com/platinasystems/xeth v1.1.1 h1:zfN6+gAuZXjJev9JkZ8layQOR/mT3bchD962Vtfs9uI=
github.com/platinasystems/xeth v1.1.1/go.mod h1:MokUskjwMrKdnZ08SVlEh9dkQreCHtPPEMFA81kdahI=
gopkg.in/check.v1 v0.0.0-20161208181325-20d25e280405/go.mod h1:Co6ibVJAznAaIkqp8huTwlJQCZ016jof/cbN4VW5Yz0=
gopkg.in/yaml.v2 v2.2.1 h1:mUhvW9EsL+naU5Q3cakzfE91YhliOondGd6ZrsDBHQE=
gopkg.in/yaml.v2 v2.2.1/go.mod h1:hI93XBmqTisBFMUTm0b8Fm+jr3Dg1NNxqwp+5A1VGuI=
