github.com/garyburd/redigo v1.6.0 h1:0VruCpn7yAIIu7pWVClQC8wxCJEcG3nyzpMSHKi1PQc=
github.com/garyburd/redigo v1.6.0/go.mod h1:NR3MbYisc3/PwhQ00EMzDiPmrwpPxAn5GI05/YaO1SY=
github.com/platinasystems/accumulate v0.0.0-20181019183040-63617d15f799/go.mod h1:lc7wpU1G++0lunURQyH853Y77bwWr0hXPiLLeaxjGIY=
github.com/platinasystems/accumulate v1.1.0 h1:x5mCglhHNcUJqNSAMiL3PqfWDgdZZsJ0b9CUkChqaZY=
github.com/platinasystems/accumulate v1.1.0/go.mod h1:lc7wpU1G++0lunURQyH853Y77bwWr0hXPiLLeaxjGIY=
github.com/platinasystems/atsock v0.0.0-20181019220955-c4cc7ae24dbf/go.mod h1:1XAb4yaMVNH9PDa7Q4sZmDqHoHSrzUfnGImUuSMpx5U=
github.com/platinasystems/atsock v1.1.0 h1:+h8ismKClv31tIEOTZQhBMdDJALQhF3vDKjK2Y8H7mU=
github.com/platinasystems/atsock v1.1.0/go.mod h1:1XAb4yaMVNH9PDa7Q4sZmDqHoHSrzUfnGImUuSMpx5U=
github.com/platinasystems/buildid v1.0.0 h1:kSdHB8xzYfidwwK2ZjZ1DNMZkaFpy4ffrQwsRyWFWdE=
github.com/platinasystems/buildid v1.0.0/go.mod h1:r7AszdHHCZVPcw3zr1UhLHUx9NxlFcUlX1D9DwkDM1c=
github.com/platinasystems/buildinfo v1.1.0 h1:LFlyBxsfwYyP7bhGb0rCV63pEWIsjvAC+1AlHo7A6iQ=
github.com/platinasystems/buildinfo v1.1.0/go.mod h1:VO8oKwJRCwPKxkqaLjkMxPHLAoe5i+9hmlFZ2x3RFik=
github.com/platinasystems/dbg v1.1.0 h1:W2ZNmbA7q68H82xCsMc2iy+BOHpqolKgRUlQL4IaDG0=
github.com/platinasystems/dbg v1.1.0/go.mod h1:sWVDySjmyMRdh9RgbbJORw6A+xIBdAmoqOXBarhswZY=
github.com/platinasystems/elib v1.3.2 h1:MwlMd+ik1X0KVZXqIk9iPqH+Dw9WamxLFHZp89wtHEI=
github.com/platinasystems/elib v1.3.2/go.mod h1:XZy8etdf41RtMxmxEYArLL7T6QEJ5MPAIeHDqXtPCUU=
github.com/platinasystems/fe1 v1.3.11 h1:WQFt9dNIKKKBwFFf2yb7Mt5BJ8a53Y5QG4/D+PQTlTk=
github.com/platinasystems/fe1 v1.3.11/go.mod h1:79woERdBiLJVb84JmPi2Qj+vKFs9YM58cq6/em0ujfQ=
github.com/platinasystems/firmware-fe1a v1.1.0 h1:4MW5FHQLIMPDkCWnmn3FZJ8Q3yZ1oSLaPxMq1DuvL6w=
github.com/platinasystems/firmware-fe1a v1.1.0/go.mod h1:F0KAFwctbk1FB557q7m6atg3aQgyHj9NmAle2KswM6E=
github.com/platinasystems/i2c v1.1.0 h1:34ewZSwxMvtD5kYjJAhNtwmEsCFjiQt+o6OJ62Ni2ug=
github.com/platinasystems/i2c v1.1.0/go.mod h1:Yj5hRxt+HXbW1rXv9aTtxUNZsegDjeWerUPY5BIjDVM=
github.com/platinasystems/indent v1.1.0 h1:VmMAqlCw1MlWgQcygXqkLsyE0Q8atBCBX+zwWVPM8Fw=
github.com/platinasystems/indent v1.1.0/go.mod h1:D3GIC7ZG6jwJtpdkiCq8/xcrP/NXInOFFr5rJPos4hA=
github.com/platinasystems/log v1.1.0 h1:hjWJskNV5QC36B+fz9rIyZjMztXZeRnOCypoSALlsm4=
github.com/platinasystems/log v1.1.0/go.mod h1:5Wjp9vxMfkZGWz2Ep3ghzsfarcs9MMfiE2RzKwseyKQ=
github.com/platinasystems/redis v1.2.0 h1:Pyoc4Jkl/CfQn44XxpBB4ND4ciU4T9cSfp3xmCaJG+A=
github.com/platinasystems/redis v1.2.0/go.mod h1:lyuhkHpfn6y21/nMn7H6pbBuPk1D8pflwsatn4OIl8M=
github.com/platinasystems/vnet v1.4.5 h1:brZrnWTpzUB71AqGK62Vd6iZJhCjaN65yW2/nE2IFtw=
github.com/platinasystems/vnet v1.4.5/go.mod h1:BWzOKqol5wy5KvwIFD8/TcNNC0/DsdH3MEr7jLBGXnE=
github.com/platinasystems/vnet v1.4.6 h1:JcyEZB4g8E5+retCxiSqqVaFTPaHYc972Krvz0h4bS8=
github.com/platinasystems/vnet v1.4.6/go.mod h1:BWzOKqol5wy5KvwIFD8/TcNNC0/DsdH3MEr7jLBGXnE=
github.com/platinasystems/xeth v1.2.0 h1:hiKWh/UmTWuj8+PXaOO8qPwL2xUjwyo9bEv3vkcHbTE=
github.com/platinasystems/xeth v1.2.0/go.mod h1:MokUskjwMrKdnZ08SVlEh9dkQreCHtPPEMFA81kdahI=
github.com/tgrennan/elib v1.2.1-0.20190725024808-68c86557cdc4 h1:z91WWEpYJOVgeP7BTzxo5+QsPPu1jOdQgHD2dKk8Ybw=
github.com/tgrennan/elib v1.2.1-0.20190725024808-68c86557cdc4/go.mod h1:4WFT204kbVQYNaKk+95nlp29MJXPPefz1d0VIopv7xA=
github.com/tgrennan/fe1 v0.0.0-20190725025725-161a12a2fca6 h1:XrmsFUxa09YkMdWD/wtQK7ZEKA3NG/1Mq16ddDc3B0s=
github.com/tgrennan/fe1 v0.0.0-20190725025725-161a12a2fca6/go.mod h1:LI1InsbmoU2kgBf1xQ9yWnOnsDBeDXENrjnpM1UMZKE=
github.com/tgrennan/fe1 v0.0.0-20190729175534-cfc896dea7ff h1:ffDBygACEXSCTFmgCYjdQnz7TGZvcOLG+fYd5dCXSpU=
github.com/tgrennan/fe1 v0.0.0-20190729175534-cfc896dea7ff/go.mod h1:LI1InsbmoU2kgBf1xQ9yWnOnsDBeDXENrjnpM1UMZKE=
github.com/tgrennan/vnet v1.2.0-rc.1.0.20190725025127-54a00fd88dcf h1:Qaif4LXcBaohwllmnUYCnFOAHeDkx6JAmspU/JcJVbI=
github.com/tgrennan/vnet v1.2.0-rc.1.0.20190725025127-54a00fd88dcf/go.mod h1:BWzOKqol5wy5KvwIFD8/TcNNC0/DsdH3MEr7jLBGXnE=
github.com/tgrennan/vnet v1.2.0-rc.1.0.20190726011600-cd3a29a99343 h1:RcmKQCgJ4+Kz1oS8owT+30vRkSKTWNNcKwKYTSP7v8M=
github.com/tgrennan/vnet v1.2.0-rc.1.0.20190726011600-cd3a29a99343/go.mod h1:BWzOKqol5wy5KvwIFD8/TcNNC0/DsdH3MEr7jLBGXnE=
github.com/tgrennan/vnet v1.2.0-rc.1.0.20190729175317-142778231287 h1:oWGLGM3rykcHlt+SUJai67xzDC4WkS+RZJOUipk2jWw=
github.com/tgrennan/vnet v1.2.0-rc.1.0.20190729175317-142778231287/go.mod h1:BWzOKqol5wy5KvwIFD8/TcNNC0/DsdH3MEr7jLBGXnE=
github.com/tgrennan/xeth v1.1.2-0.20190725024635-a91da8a05662 h1:eubTVHjRhtFoO+kci7SZjvXiQBe4jKCzW+8jKaZAiKo=
github.com/tgrennan/xeth v1.1.2-0.20190725024635-a91da8a05662/go.mod h1:y1LhHdZ2Yccusaz++xe2nV75EMTjGTuwqV8xRozOfdo=
github.com/tgrennan/xeth v1.1.2-0.20190729175040-2fa4f2ee8f84 h1:wrfOvwdOBvxx/5TfDqMqzej1gmH77ujYbAdKxzRDqTg=
github.com/tgrennan/xeth v1.1.2-0.20190729175040-2fa4f2ee8f84/go.mod h1:y1LhHdZ2Yccusaz++xe2nV75EMTjGTuwqV8xRozOfdo=
gopkg.in/check.v1 v0.0.0-20161208181325-20d25e280405 h1:yhCVgyC4o1eVCa2tZl7eS0r+SDo693bJlVdllGtEeKM=
gopkg.in/check.v1 v0.0.0-20161208181325-20d25e280405/go.mod h1:Co6ibVJAznAaIkqp8huTwlJQCZ016jof/cbN4VW5Yz0=
gopkg.in/yaml.v2 v2.2.1 h1:mUhvW9EsL+naU5Q3cakzfE91YhliOondGd6ZrsDBHQE=
gopkg.in/yaml.v2 v2.2.1/go.mod h1:hI93XBmqTisBFMUTm0b8Fm+jr3Dg1NNxqwp+5A1VGuI=
